
Microsoft Visual Studio Solution File, Format Version 12.00
# Visual Studio 2013
VisualStudioVersion = 12.0.21005.1
MinimumVisualStudioVersion = 10.0.40219.1
Project("{FAE04EC0-301F-11D3-BF4B-00C04F79EFBC}") = "Tests", "Tests\Tests.csproj", "{24260993-E077-42BE-92B2-4DC2BC43746D}"
EndProject
Project("{FAE04EC0-301F-11D3-BF4B-00C04F79EFBC}") = "PerspectiveCorrection", "PerspectiveCorrection\PerspectiveCorrection.csproj", "{48C46E9D-1124-4378-BF60-6E252EE9A548}"
EndProject
Project("{FAE04EC0-301F-11D3-BF4B-00C04F79EFBC}") = "VisualTools", "PolygonTools\VisualTools.csproj", "{9B18019D-83A7-4FB5-A52D-9C898113C871}"
EndProject
Global
	GlobalSection(SolutionConfigurationPlatforms) = preSolution
		Debug|Any CPU = Debug|Any CPU
		Release|Any CPU = Release|Any CPU
	EndGlobalSection
	GlobalSection(ProjectConfigurationPlatforms) = postSolution
		{24260993-E077-42BE-92B2-4DC2BC43746D}.Debug|Any CPU.ActiveCfg = Debug|Any CPU
		{24260993-E077-42BE-92B2-4DC2BC43746D}.Debug|Any CPU.Build.0 = Debug|Any CPU
		{24260993-E077-42BE-92B2-4DC2BC43746D}.Release|Any CPU.ActiveCfg = Release|Any CPU
		{24260993-E077-42BE-92B2-4DC2BC43746D}.Release|Any CPU.Build.0 = Release|Any CPU
		{48C46E9D-1124-4378-BF60-6E252EE9A548}.Debug|Any CPU.ActiveCfg = Debug|Any CPU
		{48C46E9D-1124-4378-BF60-6E252EE9A548}.Debug|Any CPU.Build.0 = Debug|Any CPU
		{48C46E9D-1124-4378-BF60-6E252EE9A548}.Release|Any CPU.ActiveCfg = Release|Any CPU
		{48C46E9D-1124-4378-BF60-6E252EE9A548}.Release|Any CPU.Build.0 = Release|Any CPU
		{9B18019D-83A7-4FB5-A52D-9C898113C871}.Debug|Any CPU.ActiveCfg = Debug|Any CPU
		{9B18019D-83A7-4FB5-A52D-9C898113C871}.Debug|Any CPU.Build.0 = Debug|Any CPU
		{9B18019D-83A7-4FB5-A52D-9C898113C871}.Release|Any CPU.ActiveCfg = Release|Any CPU
		{9B18019D-83A7-4FB5-A52D-9C898113C871}.Release|Any CPU.Build.0 = Release|Any CPU
	EndGlobalSection
	GlobalSection(SolutionProperties) = preSolution
		HideSolutionNode = FALSE
	EndGlobalSection
EndGlobal
